
Microsoft Visual Studio Solution File, Format Version 12.00
Project("{FAE04EC0-301F-11D3-BF4B-00C04F79EFBC}") = "GlobalUsingStaticExtensionMethod", "GlobalUsingStaticExtensionMethod\GlobalUsingStaticExtensionMethod.csproj", "{06A695C5-CA14-4876-88FB-033D35518A8B}"
EndProject
Global
	GlobalSection(SolutionConfigurationPlatforms) = preSolution
		Debug|Any CPU = Debug|Any CPU
		Release|Any CPU = Release|Any CPU
	EndGlobalSection
	GlobalSection(ProjectConfigurationPlatforms) = postSolution
		{06A695C5-CA14-4876-88FB-033D35518A8B}.Debug|Any CPU.ActiveCfg = Debug|Any CPU
		{06A695C5-CA14-4876-88FB-033D35518A8B}.Debug|Any CPU.Build.0 = Debug|Any CPU
		{06A695C5-CA14-4876-88FB-033D35518A8B}.Release|Any CPU.ActiveCfg = Release|Any CPU
		{06A695C5-CA14-4876-88FB-033D35518A8B}.Release|Any CPU.Build.0 = Release|Any CPU
	EndGlobalSection
EndGlobal
